
Microsoft Visual Studio Solution File, Format Version 12.00
Project("{FAE04EC0-301F-11D3-BF4B-00C04F79EFBC}") = "day-1-Trebuchet", "day-1-Trebuchet\day-1-Trebuchet.csproj", "{5797D137-CD3E-4C4E-A831-7CB8F024B45E}"
EndProject
Global
	GlobalSection(SolutionConfigurationPlatforms) = preSolution
		Debug|Any CPU = Debug|Any CPU
		Release|Any CPU = Release|Any CPU
	EndGlobalSection
	GlobalSection(ProjectConfigurationPlatforms) = postSolution
		{5797D137-CD3E-4C4E-A831-7CB8F024B45E}.Debug|Any CPU.ActiveCfg = Debug|Any CPU
		{5797D137-CD3E-4C4E-A831-7CB8F024B45E}.Debug|Any CPU.Build.0 = Debug|Any CPU
		{5797D137-CD3E-4C4E-A831-7CB8F024B45E}.Release|Any CPU.ActiveCfg = Release|Any CPU
		{5797D137-CD3E-4C4E-A831-7CB8F024B45E}.Release|Any CPU.Build.0 = Release|Any CPU
	EndGlobalSection
EndGlobal
